
Microsoft Visual Studio Solution File, Format Version 12.00
# Visual Studio Version 16
VisualStudioVersion = 16.0.30002.166
MinimumVisualStudioVersion = 10.0.40219.1
Project("{FAE04EC0-301F-11D3-BF4B-00C04F79EFBC}") = "PrzykladoweKolokwium", "PrzykladoweKolokwium\PrzykladoweKolokwium.csproj", "{D8FF334E-6D43-4D2F-AED2-77A0E5CD1B70}"
EndProject
Global
	GlobalSection(SolutionConfigurationPlatforms) = preSolution
		Debug|Any CPU = Debug|Any CPU
		Release|Any CPU = Release|Any CPU
	EndGlobalSection
	GlobalSection(ProjectConfigurationPlatforms) = postSolution
		{D8FF334E-6D43-4D2F-AED2-77A0E5CD1B70}.Debug|Any CPU.ActiveCfg = Debug|Any CPU
		{D8FF334E-6D43-4D2F-AED2-77A0E5CD1B70}.Debug|Any CPU.Build.0 = Debug|Any CPU
		{D8FF334E-6D43-4D2F-AED2-77A0E5CD1B70}.Release|Any CPU.ActiveCfg = Release|Any CPU
		{D8FF334E-6D43-4D2F-AED2-77A0E5CD1B70}.Release|Any CPU.Build.0 = Release|Any CPU
	EndGlobalSection
	GlobalSection(SolutionProperties) = preSolution
		HideSolutionNode = FALSE
	EndGlobalSection
	GlobalSection(ExtensibilityGlobals) = postSolution
		SolutionGuid = {B5D66415-5E4B-4BCA-B580-1B2C9881D1B4}
	EndGlobalSection
EndGlobal
